
Microsoft Visual Studio Solution File, Format Version 12.00
# Visual Studio Version 17
VisualStudioVersion = 17.0.31903.59
MinimumVisualStudioVersion = 10.0.40219.1
Project("{FAE04EC0-301F-11D3-BF4B-00C04F79EFBC}") = "API", "API\API.csproj", "{00F73CA7-739D-4F13-8B28-39D4F36BBE00}"
EndProject
Project("{FAE04EC0-301F-11D3-BF4B-00C04F79EFBC}") = "Application", "Application\Application.csproj", "{8612250D-4A46-48EE-A048-93D5231CB45F}"
EndProject
Project("{FAE04EC0-301F-11D3-BF4B-00C04F79EFBC}") = "Domain", "Domain\Domain.csproj", "{070C8C9F-FDE4-4A8C-8C78-5B186E91CE2B}"
EndProject
Project("{FAE04EC0-301F-11D3-BF4B-00C04F79EFBC}") = "Persistence", "Persistence\Persistence.csproj", "{C3B3860D-A970-4C36-9829-91C3CD16192D}"
EndProject
Global
	GlobalSection(SolutionConfigurationPlatforms) = preSolution
		Debug|Any CPU = Debug|Any CPU
		Release|Any CPU = Release|Any CPU
	EndGlobalSection
	GlobalSection(SolutionProperties) = preSolution
		HideSolutionNode = FALSE
	EndGlobalSection
	GlobalSection(ProjectConfigurationPlatforms) = postSolution
		{00F73CA7-739D-4F13-8B28-39D4F36BBE00}.Debug|Any CPU.ActiveCfg = Debug|Any CPU
		{00F73CA7-739D-4F13-8B28-39D4F36BBE00}.Debug|Any CPU.Build.0 = Debug|Any CPU
		{00F73CA7-739D-4F13-8B28-39D4F36BBE00}.Release|Any CPU.ActiveCfg = Release|Any CPU
		{00F73CA7-739D-4F13-8B28-39D4F36BBE00}.Release|Any CPU.Build.0 = Release|Any CPU
		{8612250D-4A46-48EE-A048-93D5231CB45F}.Debug|Any CPU.ActiveCfg = Debug|Any CPU
		{8612250D-4A46-48EE-A048-93D5231CB45F}.Debug|Any CPU.Build.0 = Debug|Any CPU
		{8612250D-4A46-48EE-A048-93D5231CB45F}.Release|Any CPU.ActiveCfg = Release|Any CPU
		{8612250D-4A46-48EE-A048-93D5231CB45F}.Release|Any CPU.Build.0 = Release|Any CPU
		{070C8C9F-FDE4-4A8C-8C78-5B186E91CE2B}.Debug|Any CPU.ActiveCfg = Debug|Any CPU
		{070C8C9F-FDE4-4A8C-8C78-5B186E91CE2B}.Debug|Any CPU.Build.0 = Debug|Any CPU
		{070C8C9F-FDE4-4A8C-8C78-5B186E91CE2B}.Release|Any CPU.ActiveCfg = Release|Any CPU
		{070C8C9F-FDE4-4A8C-8C78-5B186E91CE2B}.Release|Any CPU.Build.0 = Release|Any CPU
		{C3B3860D-A970-4C36-9829-91C3CD16192D}.Debug|Any CPU.ActiveCfg = Debug|Any CPU
		{C3B3860D-A970-4C36-9829-91C3CD16192D}.Debug|Any CPU.Build.0 = Debug|Any CPU
		{C3B3860D-A970-4C36-9829-91C3CD16192D}.Release|Any CPU.ActiveCfg = Release|Any CPU
		{C3B3860D-A970-4C36-9829-91C3CD16192D}.Release|Any CPU.Build.0 = Release|Any CPU
	EndGlobalSection
EndGlobal
